Microsoft Visual Studio Solution File, Format Version 12.00
# Visual Studio Version 17
VisualStudioVersion = 17.5.2.0
MinimumVisualStudioVersion = 10.0.40219.1
Project("{FAE04EC0-301F-11D3-BF4B-00C04F79EFBC}") = "DamageTerror", "DamageTerror.csproj", "{8DFA362B-1D4F-D024-B087-AC5CE3F3ACE5}"
EndProject
Global
	GlobalSection(SolutionConfigurationPlatforms) = preSolution
		Debug|Any CPU = Debug|Any CPU
		Release|Any CPU = Release|Any CPU
	EndGlobalSection
	GlobalSection(ProjectConfigurationPlatforms) = postSolution
		{8DFA362B-1D4F-D024-B087-AC5CE3F3ACE5}.Debug|Any CPU.ActiveCfg = Debug|Any CPU
		{8DFA362B-1D4F-D024-B087-AC5CE3F3ACE5}.Debug|Any CPU.Build.0 = Debug|Any CPU
		{8DFA362B-1D4F-D024-B087-AC5CE3F3ACE5}.Release|Any CPU.ActiveCfg = Release|Any CPU
		{8DFA362B-1D4F-D024-B087-AC5CE3F3ACE5}.Release|Any CPU.Build.0 = Release|Any CPU
	EndGlobalSection
	GlobalSection(SolutionProperties) = preSolution
		HideSolutionNode = FALSE
	EndGlobalSection
	GlobalSection(ExtensibilityGlobals) = postSolution
		SolutionGuid = {280FEC71-A478-43E9-A4D3-950AC1031B73}
	EndGlobalSection
EndGlobal
